
Microsoft Visual Studio Solution File, Format Version 12.00
# Visual Studio Version 17
VisualStudioVersion = 17.10.35004.147
MinimumVisualStudioVersion = 10.0.40219.1
Project("{FAE04EC0-301F-11D3-BF4B-00C04F79EFBC}") = "Nice_Admin_Backened", "Nice_Admin_Backened.csproj", "{1726F1D7-1DE0-4693-B0DA-4C75A38C8CC3}"
EndProject
Global
	GlobalSection(SolutionConfigurationPlatforms) = preSolution
		Debug|Any CPU = Debug|Any CPU
		Release|Any CPU = Release|Any CPU
	EndGlobalSection
	GlobalSection(ProjectConfigurationPlatforms) = postSolution
		{1726F1D7-1DE0-4693-B0DA-4C75A38C8CC3}.Debug|Any CPU.ActiveCfg = Debug|Any CPU
		{1726F1D7-1DE0-4693-B0DA-4C75A38C8CC3}.Debug|Any CPU.Build.0 = Debug|Any CPU
		{1726F1D7-1DE0-4693-B0DA-4C75A38C8CC3}.Release|Any CPU.ActiveCfg = Release|Any CPU
		{1726F1D7-1DE0-4693-B0DA-4C75A38C8CC3}.Release|Any CPU.Build.0 = Release|Any CPU
	EndGlobalSection
	GlobalSection(SolutionProperties) = preSolution
		HideSolutionNode = FALSE
	EndGlobalSection
	GlobalSection(ExtensibilityGlobals) = postSolution
		SolutionGuid = {D9F0B63E-EC6E-4497-8C39-015361C07D6C}
	EndGlobalSection
EndGlobal
